
Microsoft Visual Studio Solution File, Format Version 12.00
# Visual Studio 14
VisualStudioVersion = 14.0.23107.0
MinimumVisualStudioVersion = 10.0.40219.1
Project("{FAE04EC0-301F-11D3-BF4B-00C04F79EFBC}") = "sendstorm", "sendstorm\sendstorm.csproj", "{CAA07E3E-8C7B-4E5B-8F30-2B97672F10C4}"
EndProject
Project("{FAE04EC0-301F-11D3-BF4B-00C04F79EFBC}") = "sendstorm.tests", "sendstorm.tests\sendstorm.tests.csproj", "{F3D7F005-7882-45C4-B296-DD36FA11DE39}"
EndProject
Global
	GlobalSection(SolutionConfigurationPlatforms) = preSolution
		Debug|Any CPU = Debug|Any CPU
		Release|Any CPU = Release|Any CPU
	EndGlobalSection
	GlobalSection(ProjectConfigurationPlatforms) = postSolution
		{CAA07E3E-8C7B-4E5B-8F30-2B97672F10C4}.Debug|Any CPU.ActiveCfg = Debug|Any CPU
		{CAA07E3E-8C7B-4E5B-8F30-2B97672F10C4}.Debug|Any CPU.Build.0 = Debug|Any CPU
		{CAA07E3E-8C7B-4E5B-8F30-2B97672F10C4}.Release|Any CPU.ActiveCfg = Release|Any CPU
		{CAA07E3E-8C7B-4E5B-8F30-2B97672F10C4}.Release|Any CPU.Build.0 = Release|Any CPU
		{F3D7F005-7882-45C4-B296-DD36FA11DE39}.Debug|Any CPU.ActiveCfg = Debug|Any CPU
		{F3D7F005-7882-45C4-B296-DD36FA11DE39}.Debug|Any CPU.Build.0 = Debug|Any CPU
		{F3D7F005-7882-45C4-B296-DD36FA11DE39}.Release|Any CPU.ActiveCfg = Release|Any CPU
		{F3D7F005-7882-45C4-B296-DD36FA11DE39}.Release|Any CPU.Build.0 = Release|Any CPU
	EndGlobalSection
	GlobalSection(SolutionProperties) = preSolution
		HideSolutionNode = FALSE
	EndGlobalSection
EndGlobal
